
Microsoft Visual Studio Solution File, Format Version 12.00
# Visual Studio Version 17
VisualStudioVersion = 17.4.33403.182
MinimumVisualStudioVersion = 10.0.40219.1
Project("{9A19103F-16F7-4668-BE54-9A1E7A4F7556}") = "FFmpegAvalonia", "FFmpegAvalonia\FFmpegAvalonia.csproj", "{1B40FB8F-76F6-4C17-AC44-5B541DD99898}"
EndProject
Project("{9A19103F-16F7-4668-BE54-9A1E7A4F7556}") = "AvaloniaMessageBox", "AvaloniaMessageBox\AvaloniaMessageBox.csproj", "{5903C0DE-908F-492B-96E5-37FFB51BED1C}"
EndProject
Project("{9A19103F-16F7-4668-BE54-9A1E7A4F7556}") = "Cybertron", "..\Common Libraries\Common Libraries\Cybertron.csproj", "{5C9A11C7-4061-4CF8-A7AD-297C884717F5}"
EndProject
Global
	GlobalSection(SolutionConfigurationPlatforms) = preSolution
		Debug|Any CPU = Debug|Any CPU
		Release|Any CPU = Release|Any CPU
	EndGlobalSection
	GlobalSection(ProjectConfigurationPlatforms) = postSolution
		{1B40FB8F-76F6-4C17-AC44-5B541DD99898}.Debug|Any CPU.ActiveCfg = Debug|Any CPU
		{1B40FB8F-76F6-4C17-AC44-5B541DD99898}.Debug|Any CPU.Build.0 = Debug|Any CPU
		{1B40FB8F-76F6-4C17-AC44-5B541DD99898}.Release|Any CPU.ActiveCfg = Release|Any CPU
		{1B40FB8F-76F6-4C17-AC44-5B541DD99898}.Release|Any CPU.Build.0 = Release|Any CPU
		{5903C0DE-908F-492B-96E5-37FFB51BED1C}.Debug|Any CPU.ActiveCfg = Debug|Any CPU
		{5903C0DE-908F-492B-96E5-37FFB51BED1C}.Debug|Any CPU.Build.0 = Debug|Any CPU
		{5903C0DE-908F-492B-96E5-37FFB51BED1C}.Release|Any CPU.ActiveCfg = Release|Any CPU
		{5903C0DE-908F-492B-96E5-37FFB51BED1C}.Release|Any CPU.Build.0 = Release|Any CPU
		{5C9A11C7-4061-4CF8-A7AD-297C884717F5}.Debug|Any CPU.ActiveCfg = Debug|Any CPU
		{5C9A11C7-4061-4CF8-A7AD-297C884717F5}.Debug|Any CPU.Build.0 = Debug|Any CPU
		{5C9A11C7-4061-4CF8-A7AD-297C884717F5}.Release|Any CPU.ActiveCfg = Release|Any CPU
		{5C9A11C7-4061-4CF8-A7AD-297C884717F5}.Release|Any CPU.Build.0 = Release|Any CPU
	EndGlobalSection
	GlobalSection(SolutionProperties) = preSolution
		HideSolutionNode = FALSE
	EndGlobalSection
	GlobalSection(ExtensibilityGlobals) = postSolution
		SolutionGuid = {4F41A3D3-04B8-48BD-A719-26751BE8D493}
	EndGlobalSection
EndGlobal
